{
  "version": 1,
  "agents": [
    "claude-code"
  ],
  "skills": {
    "hi-anton": {
      "version": "1.0.1",
      "sha": "5bbad0e1816e9febaaf37f02d4292750ab83f7412dd1b44dd3011b319064956c",
      "tier": "VERIFIED",
      "installedAt": "2026-04-27T03:05:00.754Z",
      "source": "github:anton-abyzov/hi-anton",
      "scope": "project",
      "files": [
        "SKILL.md"
      ],
      "sourceRepoUrl": "https://github.com/anton-abyzov/hi-anton",
      "sourceSkillPath": "skills/hi-anton/SKILL.md"
    }
  },
  "createdAt": "2026-04-27T02:11:22.424Z",
  "updatedAt": "2026-04-27T03:05:00.755Z"
}
